
Microsoft Visual Studio Solution File, Format Version 12.00
# Visual Studio Version 17
VisualStudioVersion = 17.0.31903.59
MinimumVisualStudioVersion = 10.0.40219.1
Project("{2150E333-8FDC-42A3-9474-1A3956D46DE8}") = "Apis", "Apis", "{605A2C48-E92B-4DEC-84EA-BCF945558A35}"
EndProject
Project("{9A19103F-16F7-4668-BE54-9A1E7A4F7556}") = "WebAPI", "Apis\WebAPI\WebAPI.csproj", "{6E36D383-75BB-43DB-A14C-86A28E31655D}"
EndProject
Project("{9A19103F-16F7-4668-BE54-9A1E7A4F7556}") = "Application", "Apis\Application\Application.csproj", "{610C52BD-62C5-41F8-A8A8-A5D0F0F0ECC6}"
EndProject
Project("{9A19103F-16F7-4668-BE54-9A1E7A4F7556}") = "Domain", "Apis\Domain\Domain.csproj", "{AA9B0EBE-6E0B-48E2-80F3-06A6774994E4}"
EndProject
Project("{9A19103F-16F7-4668-BE54-9A1E7A4F7556}") = "Infrastructures", "Apis\Infrastructures\Infrastructures.csproj", "{2E621ECC-C0DA-4AAC-AEA9-6236E932AB4B}"
EndProject
Project("{2150E333-8FDC-42A3-9474-1A3956D46DE8}") = "Tests", "Tests", "{79F2989E-A704-4A07-BCBC-9369524A8E3F}"
EndProject
Project("{FAE04EC0-301F-11D3-BF4B-00C04F79EFBC}") = "WebAPI.Tests", "Tests\WebAPI.Tests\WebAPI.Tests.csproj", "{E54CB51E-30D7-4167-ACF1-E8351C3EB6E7}"
EndProject
Project("{FAE04EC0-301F-11D3-BF4B-00C04F79EFBC}") = "Application.Tests", "Tests\Application.Tests\Application.Tests.csproj", "{7A3DFB05-03CC-4EC6-9217-8CDCFEF21E86}"
EndProject
Project("{FAE04EC0-301F-11D3-BF4B-00C04F79EFBC}") = "Domain.Tests", "Tests\Domain.Tests\Domain.Tests.csproj", "{662406E1-470B-464A-BB8C-74F10BBB5316}"
EndProject
Project("{FAE04EC0-301F-11D3-BF4B-00C04F79EFBC}") = "Infrastructures.Tests", "Tests\Infrastructures.Tests\Infrastructures.Tests.csproj", "{F6388AC3-34DA-45CD-A2A4-EAF12D3332E3}"
EndProject
Global
	GlobalSection(SolutionConfigurationPlatforms) = preSolution
		Debug|Any CPU = Debug|Any CPU
		Release|Any CPU = Release|Any CPU
	EndGlobalSection
	GlobalSection(ProjectConfigurationPlatforms) = postSolution
		{6E36D383-75BB-43DB-A14C-86A28E31655D}.Debug|Any CPU.ActiveCfg = Debug|Any CPU
		{6E36D383-75BB-43DB-A14C-86A28E31655D}.Debug|Any CPU.Build.0 = Debug|Any CPU
		{6E36D383-75BB-43DB-A14C-86A28E31655D}.Release|Any CPU.ActiveCfg = Release|Any CPU
		{6E36D383-75BB-43DB-A14C-86A28E31655D}.Release|Any CPU.Build.0 = Release|Any CPU
		{610C52BD-62C5-41F8-A8A8-A5D0F0F0ECC6}.Debug|Any CPU.ActiveCfg = Debug|Any CPU
		{610C52BD-62C5-41F8-A8A8-A5D0F0F0ECC6}.Debug|Any CPU.Build.0 = Debug|Any CPU
		{610C52BD-62C5-41F8-A8A8-A5D0F0F0ECC6}.Release|Any CPU.ActiveCfg = Release|Any CPU
		{610C52BD-62C5-41F8-A8A8-A5D0F0F0ECC6}.Release|Any CPU.Build.0 = Release|Any CPU
		{AA9B0EBE-6E0B-48E2-80F3-06A6774994E4}.Debug|Any CPU.ActiveCfg = Debug|Any CPU
		{AA9B0EBE-6E0B-48E2-80F3-06A6774994E4}.Debug|Any CPU.Build.0 = Debug|Any CPU
		{AA9B0EBE-6E0B-48E2-80F3-06A6774994E4}.Release|Any CPU.ActiveCfg = Release|Any CPU
		{AA9B0EBE-6E0B-48E2-80F3-06A6774994E4}.Release|Any CPU.Build.0 = Release|Any CPU
		{2E621ECC-C0DA-4AAC-AEA9-6236E932AB4B}.Debug|Any CPU.ActiveCfg = Debug|Any CPU
		{2E621ECC-C0DA-4AAC-AEA9-6236E932AB4B}.Debug|Any CPU.Build.0 = Debug|Any CPU
		{2E621ECC-C0DA-4AAC-AEA9-6236E932AB4B}.Release|Any CPU.ActiveCfg = Release|Any CPU
		{2E621ECC-C0DA-4AAC-AEA9-6236E932AB4B}.Release|Any CPU.Build.0 = Release|Any CPU
		{E54CB51E-30D7-4167-ACF1-E8351C3EB6E7}.Debug|Any CPU.ActiveCfg = Debug|Any CPU
		{E54CB51E-30D7-4167-ACF1-E8351C3EB6E7}.Debug|Any CPU.Build.0 = Debug|Any CPU
		{E54CB51E-30D7-4167-ACF1-E8351C3EB6E7}.Release|Any CPU.ActiveCfg = Release|Any CPU
		{E54CB51E-30D7-4167-ACF1-E8351C3EB6E7}.Release|Any CPU.Build.0 = Release|Any CPU
		{7A3DFB05-03CC-4EC6-9217-8CDCFEF21E86}.Debug|Any CPU.ActiveCfg = Debug|Any CPU
		{7A3DFB05-03CC-4EC6-9217-8CDCFEF21E86}.Debug|Any CPU.Build.0 = Debug|Any CPU
		{7A3DFB05-03CC-4EC6-9217-8CDCFEF21E86}.Release|Any CPU.ActiveCfg = Release|Any CPU
		{7A3DFB05-03CC-4EC6-9217-8CDCFEF21E86}.Release|Any CPU.Build.0 = Release|Any CPU
		{662406E1-470B-464A-BB8C-74F10BBB5316}.Debug|Any CPU.ActiveCfg = Debug|Any CPU
		{662406E1-470B-464A-BB8C-74F10BBB5316}.Debug|Any CPU.Build.0 = Debug|Any CPU
		{662406E1-470B-464A-BB8C-74F10BBB5316}.Release|Any CPU.ActiveCfg = Release|Any CPU
		{662406E1-470B-464A-BB8C-74F10BBB5316}.Release|Any CPU.Build.0 = Release|Any CPU
		{F6388AC3-34DA-45CD-A2A4-EAF12D3332E3}.Debug|Any CPU.ActiveCfg = Debug|Any CPU
		{F6388AC3-34DA-45CD-A2A4-EAF12D3332E3}.Debug|Any CPU.Build.0 = Debug|Any CPU
		{F6388AC3-34DA-45CD-A2A4-EAF12D3332E3}.Release|Any CPU.ActiveCfg = Release|Any CPU
		{F6388AC3-34DA-45CD-A2A4-EAF12D3332E3}.Release|Any CPU.Build.0 = Release|Any CPU
	EndGlobalSection
	GlobalSection(SolutionProperties) = preSolution
		HideSolutionNode = FALSE
	EndGlobalSection
	GlobalSection(NestedProjects) = preSolution
		{6E36D383-75BB-43DB-A14C-86A28E31655D} = {605A2C48-E92B-4DEC-84EA-BCF945558A35}
		{610C52BD-62C5-41F8-A8A8-A5D0F0F0ECC6} = {605A2C48-E92B-4DEC-84EA-BCF945558A35}
		{AA9B0EBE-6E0B-48E2-80F3-06A6774994E4} = {605A2C48-E92B-4DEC-84EA-BCF945558A35}
		{2E621ECC-C0DA-4AAC-AEA9-6236E932AB4B} = {605A2C48-E92B-4DEC-84EA-BCF945558A35}
		{E54CB51E-30D7-4167-ACF1-E8351C3EB6E7} = {79F2989E-A704-4A07-BCBC-9369524A8E3F}
		{7A3DFB05-03CC-4EC6-9217-8CDCFEF21E86} = {79F2989E-A704-4A07-BCBC-9369524A8E3F}
		{662406E1-470B-464A-BB8C-74F10BBB5316} = {79F2989E-A704-4A07-BCBC-9369524A8E3F}
		{F6388AC3-34DA-45CD-A2A4-EAF12D3332E3} = {79F2989E-A704-4A07-BCBC-9369524A8E3F}
	EndGlobalSection
	GlobalSection(ExtensibilityGlobals) = postSolution
		SolutionGuid = {94D4A7C7-4D70-4082-A901-C6695073491A}
	EndGlobalSection
EndGlobal
