
Microsoft Visual Studio Solution File, Format Version 12.00
# Visual Studio Version 17
VisualStudioVersion = 17.0.31903.59
MinimumVisualStudioVersion = 10.0.40219.1
Project("{2150E333-8FDC-42A3-9474-1A3956D46DE8}") = "Apis", "Apis", "{2914D980-8C90-417A-9AE0-5C6611ECFA5F}"
EndProject
Project("{FAE04EC0-301F-11D3-BF4B-00C04F79EFBC}") = "Infrastructures", "Apis\Infrastructures\Infrastructures.csproj", "{2793D22B-14C3-419B-A735-88D4254A7923}"
EndProject
Project("{FAE04EC0-301F-11D3-BF4B-00C04F79EFBC}") = "Application", "Apis\Application\Application.csproj", "{AE83D53A-98AC-4E01-B4C8-8F4DF9AA4943}"
EndProject
Project("{FAE04EC0-301F-11D3-BF4B-00C04F79EFBC}") = "Domain", "Apis\Domain\Domain.csproj", "{C9FCDB9F-1C7F-473B-8E75-BC6FB5E33D93}"
EndProject
Project("{FAE04EC0-301F-11D3-BF4B-00C04F79EFBC}") = "WebAPI", "Apis\WebAPI\WebAPI.csproj", "{4FED81DE-B732-44A9-807C-230831197DB9}"
EndProject
Project("{2150E333-8FDC-42A3-9474-1A3956D46DE8}") = "Tests", "Tests", "{AE331070-61CB-482C-A138-1776127ABD70}"
EndProject
Project("{FAE04EC0-301F-11D3-BF4B-00C04F79EFBC}") = "Application.Tests", "Tests\Application.Tests\Application.Tests.csproj", "{A87367C1-FB1A-481F-876A-6EED99E02055}"
EndProject
Project("{FAE04EC0-301F-11D3-BF4B-00C04F79EFBC}") = "Domain.Tests", "Tests\Domain.Tests\Domain.Tests.csproj", "{7B83C78F-B1C9-4C15-948A-D17B080FDD30}"
EndProject
Project("{FAE04EC0-301F-11D3-BF4B-00C04F79EFBC}") = "Infrastructures.Tests", "Tests\Infrastructures.Tests\Infrastructures.Tests.csproj", "{1F8FA345-38F5-4992-9CE1-822C4666A880}"
EndProject
Project("{FAE04EC0-301F-11D3-BF4B-00C04F79EFBC}") = "WebAPI.Tests", "Tests\WebAPI.Tests\WebAPI.Tests.csproj", "{1059BE33-51DE-4018-A89D-D7068528EF96}"
EndProject
Global
	GlobalSection(SolutionConfigurationPlatforms) = preSolution
		Debug|Any CPU = Debug|Any CPU
		Release|Any CPU = Release|Any CPU
	EndGlobalSection
	GlobalSection(SolutionProperties) = preSolution
		HideSolutionNode = FALSE
	EndGlobalSection
	GlobalSection(ProjectConfigurationPlatforms) = postSolution
		{2793D22B-14C3-419B-A735-88D4254A7923}.Debug|Any CPU.ActiveCfg = Debug|Any CPU
		{2793D22B-14C3-419B-A735-88D4254A7923}.Debug|Any CPU.Build.0 = Debug|Any CPU
		{2793D22B-14C3-419B-A735-88D4254A7923}.Release|Any CPU.ActiveCfg = Release|Any CPU
		{2793D22B-14C3-419B-A735-88D4254A7923}.Release|Any CPU.Build.0 = Release|Any CPU
		{AE83D53A-98AC-4E01-B4C8-8F4DF9AA4943}.Debug|Any CPU.ActiveCfg = Debug|Any CPU
		{AE83D53A-98AC-4E01-B4C8-8F4DF9AA4943}.Debug|Any CPU.Build.0 = Debug|Any CPU
		{AE83D53A-98AC-4E01-B4C8-8F4DF9AA4943}.Release|Any CPU.ActiveCfg = Release|Any CPU
		{AE83D53A-98AC-4E01-B4C8-8F4DF9AA4943}.Release|Any CPU.Build.0 = Release|Any CPU
		{C9FCDB9F-1C7F-473B-8E75-BC6FB5E33D93}.Debug|Any CPU.ActiveCfg = Debug|Any CPU
		{C9FCDB9F-1C7F-473B-8E75-BC6FB5E33D93}.Debug|Any CPU.Build.0 = Debug|Any CPU
		{C9FCDB9F-1C7F-473B-8E75-BC6FB5E33D93}.Release|Any CPU.ActiveCfg = Release|Any CPU
		{C9FCDB9F-1C7F-473B-8E75-BC6FB5E33D93}.Release|Any CPU.Build.0 = Release|Any CPU
		{4FED81DE-B732-44A9-807C-230831197DB9}.Debug|Any CPU.ActiveCfg = Debug|Any CPU
		{4FED81DE-B732-44A9-807C-230831197DB9}.Debug|Any CPU.Build.0 = Debug|Any CPU
		{4FED81DE-B732-44A9-807C-230831197DB9}.Release|Any CPU.ActiveCfg = Release|Any CPU
		{4FED81DE-B732-44A9-807C-230831197DB9}.Release|Any CPU.Build.0 = Release|Any CPU
		{A87367C1-FB1A-481F-876A-6EED99E02055}.Debug|Any CPU.ActiveCfg = Debug|Any CPU
		{A87367C1-FB1A-481F-876A-6EED99E02055}.Debug|Any CPU.Build.0 = Debug|Any CPU
		{A87367C1-FB1A-481F-876A-6EED99E02055}.Release|Any CPU.ActiveCfg = Release|Any CPU
		{A87367C1-FB1A-481F-876A-6EED99E02055}.Release|Any CPU.Build.0 = Release|Any CPU
		{7B83C78F-B1C9-4C15-948A-D17B080FDD30}.Debug|Any CPU.ActiveCfg = Debug|Any CPU
		{7B83C78F-B1C9-4C15-948A-D17B080FDD30}.Debug|Any CPU.Build.0 = Debug|Any CPU
		{7B83C78F-B1C9-4C15-948A-D17B080FDD30}.Release|Any CPU.ActiveCfg = Release|Any CPU
		{7B83C78F-B1C9-4C15-948A-D17B080FDD30}.Release|Any CPU.Build.0 = Release|Any CPU
		{1F8FA345-38F5-4992-9CE1-822C4666A880}.Debug|Any CPU.ActiveCfg = Debug|Any CPU
		{1F8FA345-38F5-4992-9CE1-822C4666A880}.Debug|Any CPU.Build.0 = Debug|Any CPU
		{1F8FA345-38F5-4992-9CE1-822C4666A880}.Release|Any CPU.ActiveCfg = Release|Any CPU
		{1F8FA345-38F5-4992-9CE1-822C4666A880}.Release|Any CPU.Build.0 = Release|Any CPU
		{1059BE33-51DE-4018-A89D-D7068528EF96}.Debug|Any CPU.ActiveCfg = Debug|Any CPU
		{1059BE33-51DE-4018-A89D-D7068528EF96}.Debug|Any CPU.Build.0 = Debug|Any CPU
		{1059BE33-51DE-4018-A89D-D7068528EF96}.Release|Any CPU.ActiveCfg = Release|Any CPU
		{1059BE33-51DE-4018-A89D-D7068528EF96}.Release|Any CPU.Build.0 = Release|Any CPU
	EndGlobalSection
	GlobalSection(NestedProjects) = preSolution
		{2793D22B-14C3-419B-A735-88D4254A7923} = {2914D980-8C90-417A-9AE0-5C6611ECFA5F}
		{AE83D53A-98AC-4E01-B4C8-8F4DF9AA4943} = {2914D980-8C90-417A-9AE0-5C6611ECFA5F}
		{C9FCDB9F-1C7F-473B-8E75-BC6FB5E33D93} = {2914D980-8C90-417A-9AE0-5C6611ECFA5F}
		{4FED81DE-B732-44A9-807C-230831197DB9} = {2914D980-8C90-417A-9AE0-5C6611ECFA5F}
		{A87367C1-FB1A-481F-876A-6EED99E02055} = {AE331070-61CB-482C-A138-1776127ABD70}
		{7B83C78F-B1C9-4C15-948A-D17B080FDD30} = {AE331070-61CB-482C-A138-1776127ABD70}
		{1F8FA345-38F5-4992-9CE1-822C4666A880} = {AE331070-61CB-482C-A138-1776127ABD70}
		{1059BE33-51DE-4018-A89D-D7068528EF96} = {AE331070-61CB-482C-A138-1776127ABD70}
	EndGlobalSection
EndGlobal
