
Microsoft Visual Studio Solution File, Format Version 12.00
# Visual Studio Version 17
VisualStudioVersion = 17.0.31903.59
MinimumVisualStudioVersion = 10.0.40219.1
Project("{2150E333-8FDC-42A3-9474-1A3956D46DE8}") = "Apis", "Apis", "{6B367E4C-C257-4473-9556-017750B9C8C1}"
EndProject
Project("{FAE04EC0-301F-11D3-BF4B-00C04F79EFBC}") = "WebAPI", "Apis\WebAPI\WebAPI.csproj", "{5CFF49D8-356B-4BF0-AB31-19A4C0319176}"
EndProject
Project("{FAE04EC0-301F-11D3-BF4B-00C04F79EFBC}") = "Domain", "Apis\Domain\Domain.csproj", "{4054AA73-3FE2-45A6-8A42-A186CEA53D89}"
EndProject
Project("{FAE04EC0-301F-11D3-BF4B-00C04F79EFBC}") = "Application", "Apis\Application\Application.csproj", "{0386AB81-EE1E-4658-8085-7412AB05F893}"
EndProject
Project("{FAE04EC0-301F-11D3-BF4B-00C04F79EFBC}") = "Infrastructures", "Apis\Infrastructures\Infrastructures.csproj", "{0DC11A51-E48C-4D08-B7D3-67C7EF075344}"
EndProject
Project("{2150E333-8FDC-42A3-9474-1A3956D46DE8}") = "Tests", "Tests", "{E75610BA-B215-46BF-9C01-DF7D0346F9F7}"
EndProject
Project("{FAE04EC0-301F-11D3-BF4B-00C04F79EFBC}") = "Domain.Tests", "Tests\Domain.Tests\Domain.Tests.csproj", "{D16BCEC6-1301-4B10-B82F-3E4DC94A82CF}"
EndProject
Project("{FAE04EC0-301F-11D3-BF4B-00C04F79EFBC}") = "Infrastructures.Tests", "Tests\Infrastructures.Tests\Infrastructures.Tests.csproj", "{DA5D7FCB-8E18-481D-8ED2-A52D1BDCC249}"
EndProject
Project("{FAE04EC0-301F-11D3-BF4B-00C04F79EFBC}") = "WebAPI.Tests", "Tests\WebAPI.Tests\WebAPI.Tests.csproj", "{AE875E35-6B92-4320-B0C0-48BB578F50F1}"
EndProject
Project("{FAE04EC0-301F-11D3-BF4B-00C04F79EFBC}") = "Application.Tests", "Tests\Application.Tests\Application.Tests.csproj", "{214AC629-0D9D-4658-BD67-7073630834EE}"
EndProject
Global
	GlobalSection(SolutionConfigurationPlatforms) = preSolution
		Debug|Any CPU = Debug|Any CPU
		Release|Any CPU = Release|Any CPU
	EndGlobalSection
	GlobalSection(SolutionProperties) = preSolution
		HideSolutionNode = FALSE
	EndGlobalSection
	GlobalSection(ProjectConfigurationPlatforms) = postSolution
		{5CFF49D8-356B-4BF0-AB31-19A4C0319176}.Debug|Any CPU.ActiveCfg = Debug|Any CPU
		{5CFF49D8-356B-4BF0-AB31-19A4C0319176}.Debug|Any CPU.Build.0 = Debug|Any CPU
		{5CFF49D8-356B-4BF0-AB31-19A4C0319176}.Release|Any CPU.ActiveCfg = Release|Any CPU
		{5CFF49D8-356B-4BF0-AB31-19A4C0319176}.Release|Any CPU.Build.0 = Release|Any CPU
		{4054AA73-3FE2-45A6-8A42-A186CEA53D89}.Debug|Any CPU.ActiveCfg = Debug|Any CPU
		{4054AA73-3FE2-45A6-8A42-A186CEA53D89}.Debug|Any CPU.Build.0 = Debug|Any CPU
		{4054AA73-3FE2-45A6-8A42-A186CEA53D89}.Release|Any CPU.ActiveCfg = Release|Any CPU
		{4054AA73-3FE2-45A6-8A42-A186CEA53D89}.Release|Any CPU.Build.0 = Release|Any CPU
		{0386AB81-EE1E-4658-8085-7412AB05F893}.Debug|Any CPU.ActiveCfg = Debug|Any CPU
		{0386AB81-EE1E-4658-8085-7412AB05F893}.Debug|Any CPU.Build.0 = Debug|Any CPU
		{0386AB81-EE1E-4658-8085-7412AB05F893}.Release|Any CPU.ActiveCfg = Release|Any CPU
		{0386AB81-EE1E-4658-8085-7412AB05F893}.Release|Any CPU.Build.0 = Release|Any CPU
		{0DC11A51-E48C-4D08-B7D3-67C7EF075344}.Debug|Any CPU.ActiveCfg = Debug|Any CPU
		{0DC11A51-E48C-4D08-B7D3-67C7EF075344}.Debug|Any CPU.Build.0 = Debug|Any CPU
		{0DC11A51-E48C-4D08-B7D3-67C7EF075344}.Release|Any CPU.ActiveCfg = Release|Any CPU
		{0DC11A51-E48C-4D08-B7D3-67C7EF075344}.Release|Any CPU.Build.0 = Release|Any CPU
		{D16BCEC6-1301-4B10-B82F-3E4DC94A82CF}.Debug|Any CPU.ActiveCfg = Debug|Any CPU
		{D16BCEC6-1301-4B10-B82F-3E4DC94A82CF}.Debug|Any CPU.Build.0 = Debug|Any CPU
		{D16BCEC6-1301-4B10-B82F-3E4DC94A82CF}.Release|Any CPU.ActiveCfg = Release|Any CPU
		{D16BCEC6-1301-4B10-B82F-3E4DC94A82CF}.Release|Any CPU.Build.0 = Release|Any CPU
		{DA5D7FCB-8E18-481D-8ED2-A52D1BDCC249}.Debug|Any CPU.ActiveCfg = Debug|Any CPU
		{DA5D7FCB-8E18-481D-8ED2-A52D1BDCC249}.Debug|Any CPU.Build.0 = Debug|Any CPU
		{DA5D7FCB-8E18-481D-8ED2-A52D1BDCC249}.Release|Any CPU.ActiveCfg = Release|Any CPU
		{DA5D7FCB-8E18-481D-8ED2-A52D1BDCC249}.Release|Any CPU.Build.0 = Release|Any CPU
		{AE875E35-6B92-4320-B0C0-48BB578F50F1}.Debug|Any CPU.ActiveCfg = Debug|Any CPU
		{AE875E35-6B92-4320-B0C0-48BB578F50F1}.Debug|Any CPU.Build.0 = Debug|Any CPU
		{AE875E35-6B92-4320-B0C0-48BB578F50F1}.Release|Any CPU.ActiveCfg = Release|Any CPU
		{AE875E35-6B92-4320-B0C0-48BB578F50F1}.Release|Any CPU.Build.0 = Release|Any CPU
		{214AC629-0D9D-4658-BD67-7073630834EE}.Debug|Any CPU.ActiveCfg = Debug|Any CPU
		{214AC629-0D9D-4658-BD67-7073630834EE}.Debug|Any CPU.Build.0 = Debug|Any CPU
		{214AC629-0D9D-4658-BD67-7073630834EE}.Release|Any CPU.ActiveCfg = Release|Any CPU
		{214AC629-0D9D-4658-BD67-7073630834EE}.Release|Any CPU.Build.0 = Release|Any CPU
	EndGlobalSection
	GlobalSection(NestedProjects) = preSolution
		{5CFF49D8-356B-4BF0-AB31-19A4C0319176} = {6B367E4C-C257-4473-9556-017750B9C8C1}
		{4054AA73-3FE2-45A6-8A42-A186CEA53D89} = {6B367E4C-C257-4473-9556-017750B9C8C1}
		{0386AB81-EE1E-4658-8085-7412AB05F893} = {6B367E4C-C257-4473-9556-017750B9C8C1}
		{0DC11A51-E48C-4D08-B7D3-67C7EF075344} = {6B367E4C-C257-4473-9556-017750B9C8C1}
		{D16BCEC6-1301-4B10-B82F-3E4DC94A82CF} = {E75610BA-B215-46BF-9C01-DF7D0346F9F7}
		{DA5D7FCB-8E18-481D-8ED2-A52D1BDCC249} = {E75610BA-B215-46BF-9C01-DF7D0346F9F7}
		{AE875E35-6B92-4320-B0C0-48BB578F50F1} = {E75610BA-B215-46BF-9C01-DF7D0346F9F7}
		{214AC629-0D9D-4658-BD67-7073630834EE} = {E75610BA-B215-46BF-9C01-DF7D0346F9F7}
	EndGlobalSection
EndGlobal
